// !$*UTF8*$!
{
	archiveVersion = 1;
	classes = {
	};
	objectVersion = 46;
	objects = {

/* Begin PBXBuildFile section */
		02EC47021C19B62700E1D2D4 /* AppDelegate.swift in Sources */ = {isa = PBXBuildFile; fileRef = 02EC47011C19B62700E1D2D4 /* AppDelegate.swift */; };
		02EC47041C19B62700E1D2D4 /* ViewController.swift in Sources */ = {isa = PBXBuildFile; fileRef = 02EC47031C19B62700E1D2D4 /* ViewController.swift */; };
		02EC47071C19B62700E1D2D4 /* Main.storyboard in Resources */ = {isa = PBXBuildFile; fileRef = 02EC47051C19B62700E1D2D4 /* Main.storyboard */; };
		02EC47091C19B62700E1D2D4 /* Assets.xcassets in Resources */ = {isa = PBXBuildFile; fileRef = 02EC47081C19B62700E1D2D4 /* Assets.xcassets */; };
		02EC470C1C19B62700E1D2D4 /* LaunchScreen.storyboard in Resources */ = {isa = PBXBuildFile; fileRef = 02EC470A1C19B62700E1D2D4 /* LaunchScreen.storyboard */; };
		02EC47171C19B62700E1D2D4 /* iTravelHelTests.swift in Sources */ = {isa = PBXBuildFile; fileRef = 02EC47161C19B62700E1D2D4 /* iTravelHelTests.swift */; };
		02EC47221C19B62700E1D2D4 /* iTravelHelUITests.swift in Sources */ = {isa = PBXBuildFile; fileRef = 02EC47211C19B62700E1D2D4 /* iTravelHelUITests.swift */; };
/* End PBXBuildFile section */

/* Begin PBXContainerItemProxy section */
		02EC47131C19B62700E1D2D4 /* PBXContainerItemProxy */ = {
			isa = PBXContainerItemProxy;
			containerPortal = 02EC46F61C19B62700E1D2D4 /* Project object */;
			proxyType = 1;
			remoteGlobalIDString = 02EC46FD1C19B62700E1D2D4;
			remoteInfo = iTravelHel;
		};
		02EC471E1C19B62700E1D2D4 /* PBXContainerItemProxy */ = {
			isa = PBXContainerItemProxy;
			containerPortal = 02EC46F61C19B62700E1D2D4 /* Project object */;
			proxyType = 1;
			remoteGlobalIDString = 02EC46FD1C19B62700E1D2D4;
			remoteInfo = iTravelHel;
		};
/* End PBXContainerItemProxy section */

/* Begin PBXFileReference section */
		02EC46FE1C19B62700E1D2D4 /* iTravelHel.app */ = {isa = PBXFileReference; explicitFileType = wrapper.application; includeInIndex = 0; path = iTravelHel.app; sourceTree = BUILT_PRODUCTS_DIR; };
		02EC47011C19B62700E1D2D4 /* AppDelegate.swift */ = {isa = PBXFileReference; lastKnownFileType = sourcecode.swift; path = AppDelegate.swift; sourceTree = "<group>"; };
		02EC47031C19B62700E1D2D4 /* ViewController.swift */ = {isa = PBXFileReference; lastKnownFileType = sourcecode.swift; path = ViewController.swift; sourceTree = "<group>"; };
		02EC47061C19B62700E1D2D4 /* Base */ = {isa = PBXFileReference; lastKnownFileType = file.storyboard; name = Base; path = Base.lproj/Main.storyboard; sourceTree = "<group>"; };
		02EC47081C19B62700E1D2D4 /* Assets.xcassets */ = {isa = PBXFileReference; lastKnownFileType = folder.assetcatalog; path = Assets.xcassets; sourceTree = "<group>"; };
		02EC470B1C19B62700E1D2D4 /* Base */ = {isa = PBXFileReference; lastKnownFileType = file.storyboard; name = Base; path = Base.lproj/LaunchScreen.storyboard; sourceTree = "<group>"; };
		02EC470D1C19B62700E1D2D4 /* Info.plist */ = {isa = PBXFileReference; lastKnownFileType = text.plist.xml; path = Info.plist; sourceTree = "<group>"; };
		02EC47121C19B62700E1D2D4 /* iTravelHelTests.xctest */ = {isa = PBXFileReference; explicitFileType = wrapper.cfbundle; includeInIndex = 0; path = iTravelHelTests.xctest; sourceTree = BUILT_PRODUCTS_DIR; };
		02EC47161C19B62700E1D2D4 /* iTravelHelTests.swift */ = {isa = PBXFileReference; lastKnownFileType = sourcecode.swift; path = iTravelHelTests.swift; sourceTree = "<group>"; };
		02EC47181C19B62700E1D2D4 /* Info.plist */ = {isa = PBXFileReference; lastKnownFileType = text.plist.xml; path = Info.plist; sourceTree = "<group>"; };
		02EC471D1C19B62700E1D2D4 /* iTravelHelUITests.xctest */ = {isa = PBXFileReference; explicitFileType = wrapper.cfbundle; includeInIndex = 0; path = iTravelHelUITests.xctest; sourceTree = BUILT_PRODUCTS_DIR; };
		02EC47211C19B62700E1D2D4 /* iTravelHelUITests.swift */ = {isa = PBXFileReference; lastKnownFileType = sourcecode.swift; path = iTravelHelUITests.swift; sourceTree = "<group>"; };
		02EC47231C19B62700E1D2D4 /* Info.plist */ = {isa = PBXFileReference; lastKnownFileType = text.plist.xml; path = Info.plist; sourceTree = "<group>"; };
/* End PBXFileReference section */

/* Begin PBXFrameworksBuildPhase section */
		02EC46FB1C19B62700E1D2D4 /* Frameworks */ = {
			isa = PBXFrameworksBuildPhase;
			buildActionMask = 2147483647;
			files = (
			);
			runOnlyForDeploymentPostprocessing = 0;
		};
		02EC470F1C19B62700E1D2D4 /* Frameworks */ = {
			isa = PBXFrameworksBuildPhase;
			buildActionMask = 2147483647;
			files = (
			);
			runOnlyForDeploymentPostprocessing = 0;
		};
		02EC471A1C19B62700E1D2D4 /* Frameworks */ = {
			isa = PBXFrameworksBuildPhase;
			buildActionMask = 2147483647;
			files = (
			);
			runOnlyForDeploymentPostprocessing = 0;
		};
/* End PBXFrameworksBuildPhase section */

/* Begin PBXGroup section */
		02EC46F51C19B62700E1D2D4 = {
			isa = PBXGroup;
			children = (
				02EC47001C19B62700E1D2D4 /* iTravelHel */,
				02EC47151C19B62700E1D2D4 /* iTravelHelTests */,
				02EC47201C19B62700E1D2D4 /* iTravelHelUITests */,
				02EC46FF1C19B62700E1D2D4 /* Products */,
			);
			sourceTree = "<group>";
		};
		02EC46FF1C19B62700E1D2D4 /* Products */ = {
			isa = PBXGroup;
			children = (
				02EC46FE1C19B62700E1D2D4 /* iTravelHel.app */,
				02EC47121C19B62700E1D2D4 /* iTravelHelTests.xctest */,
				02EC471D1C19B62700E1D2D4 /* iTravelHelUITests.xctest */,
			);
			name = Products;
			sourceTree = "<group>";
		};
		02EC47001C19B62700E1D2D4 /* iTravelHel */ = {
			isa = PBXGroup;
			children = (
				02EC47011C19B62700E1D2D4 /* AppDelegate.swift */,
				02EC47031C19B62700E1D2D4 /* ViewController.swift */,
				02EC47051C19B62700E1D2D4 /* Main.storyboard */,
				02EC47081C19B62700E1D2D4 /* Assets.xcassets */,
				02EC470A1C19B62700E1D2D4 /* LaunchScreen.storyboard */,
				02EC470D1C19B62700E1D2D4 /* Info.plist */,
			);
			path = iTravelHel;
			sourceTree = "<group>";
		};
		02EC47151C19B62700E1D2D4 /* iTravelHelTests */ = {
			isa = PBXGroup;
			children = (
				02EC47161C19B62700E1D2D4 /* iTravelHelTests.swift */,
				02EC47181C19B62700E1D2D4 /* Info.plist */,
			);
			path = iTravelHelTests;
			sourceTree = "<group>";
		};
		02EC47201C19B62700E1D2D4 /* iTravelHelUITests */ = {
			isa = PBXGroup;
			children = (
				02EC47211C19B62700E1D2D4 /* iTravelHelUITests.swift */,
				02EC47231C19B62700E1D2D4 /* Info.plist */,
			);
			path = iTravelHelUITests;
			sourceTree = "<group>";
		};
/* End PBXGroup section */

/* Begin PBXNativeTarget section */
		02EC46FD1C19B62700E1D2D4 /* iTravelHel */ = {
			isa = PBXNativeTarget;
			buildConfigurationList = 02EC47261C19B62700E1D2D4 /* Build configuration list for PBXNativeTarget "iTravelHel" */;
			buildPhases = (
				02EC46FA1C19B62700E1D2D4 /* Sources */,
				02EC46FB1C19B62700E1D2D4 /* Frameworks */,
				02EC46FC1C19B62700E1D2D4 /* Resources */,
			);
			buildRules = (
			);
			dependencies = (
			);
			name = iTravelHel;
			productName = iTravelHel;
			productReference = 02EC46FE1C19B62700E1D2D4 /* iTravelHel.app */;
			productType = "com.apple.product-type.application";
		};
		02EC47111C19B62700E1D2D4 /* iTravelHelTests */ = {
			isa = PBXNativeTarget;
			buildConfigurationList = 02EC47291C19B62700E1D2D4 /* Build configuration list for PBXNativeTarget "iTravelHelTests" */;
			buildPhases = (
				02EC470E1C19B62700E1D2D4 /* Sources */,
				02EC470F1C19B62700E1D2D4 /* Frameworks */,
				02EC47101C19B62700E1D2D4 /* Resources */,
			);
			buildRules = (
			);
			dependencies = (
				02EC47141C19B62700E1D2D4 /* PBXTargetDependency */,
			);
			name = iTravelHelTests;
			productName = iTravelHelTests;
			productReference = 02EC47121C19B62700E1D2D4 /* iTravelHelTests.xctest */;
			productType = "com.apple.product-type.bundle.unit-test";
		};
		02EC471C1C19B62700E1D2D4 /* iTravelHelUITests */ = {
			isa = PBXNativeTarget;
			buildConfigurationList = 02EC472C1C19B62700E1D2D4 /* Build configuration list for PBXNativeTarget "iTravelHelUITests" */;
			buildPhases = (
				02EC47191C19B62700E1D2D4 /* Sources */,
				02EC471A1C19B62700E1D2D4 /* Frameworks */,
				02EC471B1C19B62700E1D2D4 /* Resources */,
			);
			buildRules = (
			);
			dependencies = (
				02EC471F1C19B62700E1D2D4 /* PBXTargetDependency */,
			);
			name = iTravelHelUITests;
			productName = iTravelHelUITests;
			productReference = 02EC471D1C19B62700E1D2D4 /* iTravelHelUITests.xctest */;
			productType = "com.apple.product-type.bundle.ui-testing";
		};
/* End PBXNativeTarget section */

/* Begin PBXProject section */
		02EC46F61C19B62700E1D2D4 /* Project object */ = {
			isa = PBXProject;
			attributes = {
				LastSwiftUpdateCheck = 0710;
				LastUpgradeCheck = 0710;
				ORGANIZATIONNAME = "XCode-Popup";
				TargetAttributes = {
					02EC46FD1C19B62700E1D2D4 = {
						CreatedOnToolsVersion = 7.1.1;
					};
					02EC47111C19B62700E1D2D4 = {
						CreatedOnToolsVersion = 7.1.1;
						TestTargetID = 02EC46FD1C19B62700E1D2D4;
					};
					02EC471C1C19B62700E1D2D4 = {
						CreatedOnToolsVersion = 7.1.1;
						TestTargetID = 02EC46FD1C19B62700E1D2D4;
					};
				};
			};
			buildConfigurationList = 02EC46F91C19B62700E1D2D4 /* Build configuration list for PBXProject "iTravelHel" */;
			compatibilityVersion = "Xcode 3.2";
			developmentRegion = English;
			hasScannedForEncodings = 0;
			knownRegions = (
				en,
				Base,
			);
			mainGroup = 02EC46F51C19B62700E1D2D4;
			productRefGroup = 02EC46FF1C19B62700E1D2D4 /* Products */;
			projectDirPath = "";
			projectRoot = "";
			targets = (
				02EC46FD1C19B62700E1D2D4 /* iTravelHel */,
				02EC47111C19B62700E1D2D4 /* iTravelHelTests */,
				02EC471C1C19B62700E1D2D4 /* iTravelHelUITests */,
			);
		};
/* End PBXProject section */

/* Begin PBXResourcesBuildPhase section */
		02EC46FC1C19B62700E1D2D4 /* Resources */ = {
			isa = PBXResourcesBuildPhase;
			buildActionMask = 2147483647;
			files = (
				02EC470C1C19B62700E1D2D4 /* LaunchScreen.storyboard in Resources */,
				02EC47091C19B62700E1D2D4 /* Assets.xcassets in Resources */,
				02EC47071C19B62700E1D2D4 /* Main.storyboard in Resources */,
			);
			runOnlyForDeploymentPostprocessing = 0;
		};
		02EC47101C19B62700E1D2D4 /* Resources */ = {
			isa = PBXResourcesBuildPhase;
			buildActionMask = 2147483647;
			files = (
			);
			runOnlyForDeploymentPostprocessing = 0;
		};
		02EC471B1C19B62700E1D2D4 /* Resources */ = {
			isa = PBXResourcesBuildPhase;
			buildActionMask = 2147483647;
			files = (
			);
			runOnlyForDeploymentPostprocessing = 0;
		};
/* End PBXResourcesBuildPhase section */

/* Begin PBXSourcesBuildPhase section */
		02EC46FA1C19B62700E1D2D4 /* Sources */ = {
			isa = PBXSourcesBuildPhase;
			buildActionMask = 2147483647;
			files = (
				02EC47041C19B62700E1D2D4 /* ViewController.swift in Sources */,
				02EC47021C19B62700E1D2D4 /* AppDelegate.swift in Sources */,
			);
			runOnlyForDeploymentPostprocessing = 0;
		};
		02EC470E1C19B62700E1D2D4 /* Sources */ = {
			isa = PBXSourcesBuildPhase;
			buildActionMask = 2147483647;
			files = (
				02EC47171C19B62700E1D2D4 /* iTravelHelTests.swift in Sources */,
			);
			runOnlyForDeploymentPostprocessing = 0;
		};
		02EC47191C19B62700E1D2D4 /* Sources */ = {
			isa = PBXSourcesBuildPhase;
			buildActionMask = 2147483647;
			files = (
				02EC47221C19B62700E1D2D4 /* iTravelHelUITests.swift in Sources */,
			);
			runOnlyForDeploymentPostprocessing = 0;
		};
/* End PBXSourcesBuildPhase section */

/* Begin PBXTargetDependency section */
		02EC47141C19B62700E1D2D4 /* PBXTargetDependency */ = {
			isa = PBXTargetDependency;
			target = 02EC46FD1C19B62700E1D2D4 /* iTravelHel */;
			targetProxy = 02EC47131C19B62700E1D2D4 /* PBXContainerItemProxy */;
		};
		02EC471F1C19B62700E1D2D4 /* PBXTargetDependency */ = {
			isa = PBXTargetDependency;
			target = 02EC46FD1C19B62700E1D2D4 /* iTravelHel */;
			targetProxy = 02EC471E1C19B62700E1D2D4 /* PBXContainerItemProxy */;
		};
/* End PBXTargetDependency section */

/* Begin PBXVariantGroup section */
		02EC47051C19B62700E1D2D4 /* Main.storyboard */ = {
			isa = PBXVariantGroup;
			children = (
				02EC47061C19B62700E1D2D4 /* Base */,
			);
			name = Main.storyboard;
			sourceTree = "<group>";
		};
		02EC470A1C19B62700E1D2D4 /* LaunchScreen.storyboard */ = {
			isa = PBXVariantGroup;
			children = (
				02EC470B1C19B62700E1D2D4 /* Base */,
			);
			name = LaunchScreen.storyboard;
			sourceTree = "<group>";
		};
/* End PBXVariantGroup section */

/* Begin XCBuildConfiguration section */
		02EC47241C19B62700E1D2D4 /* Debug */ = {
			isa = XCBuildConfiguration;
			buildSettings = {
				ALWAYS_SEARCH_USER_PATHS = NO;
				CLANG_CXX_LANGUAGE_STANDARD = "gnu++0x";
				CLANG_CXX_LIBRARY = "libc++";
				CLANG_ENABLE_MODULES = YES;
				CLANG_ENABLE_OBJC_ARC = YES;
				CLANG_WARN_BOOL_CONVERSION = YES;
				CLANG_WARN_CONSTANT_CONVERSION = YES;
				CLANG_WARN_DIRECT_OBJC_ISA_USAGE = YES_ERROR;
				CLANG_WARN_EMPTY_BODY = YES;
				CLANG_WARN_ENUM_CONVERSION = YES;
				CLANG_WARN_INT_CONVERSION = YES;
				CLANG_WARN_OBJC_ROOT_CLASS = YES_ERROR;
				CLANG_WARN_UNREACHABLE_CODE = YES;
				CLANG_WARN__DUPLICATE_METHOD_MATCH = YES;
				"CODE_SIGN_IDENTITY[sdk=iphoneos*]" = "iPhone Developer";
				COPY_PHASE_STRIP = NO;
				DEBUG_INFORMATION_FORMAT = dwarf;
				ENABLE_STRICT_OBJC_MSGSEND = YES;
				ENABLE_TESTABILITY = YES;
				GCC_C_LANGUAGE_STANDARD = gnu99;
				GCC_DYNAMIC_NO_PIC = NO;
				GCC_NO_COMMON_BLOCKS = YES;
				GCC_OPTIMIZATION_LEVEL = 0;
				GCC_PREPROCESSOR_DEFINITIONS = (
					"DEBUG=1",
					"$(inherited)",
				);
				GCC_WARN_64_TO_32_BIT_CONVERSION = YES;
				GCC_WARN_ABOUT_RETURN_TYPE = YES_ERROR;
				GCC_WARN_UNDECLARED_SELECTOR = YES;
				GCC_WARN_UNINITIALIZED_AUTOS = YES_AGGRESSIVE;
				GCC_WARN_UNUSED_FUNCTION = YES;
				GCC_WARN_UNUSED_VARIABLE = YES;
				IPHONEOS_DEPLOYMENT_TARGET = 9.1;
				MTL_ENABLE_DEBUG_INFO = YES;
				ONLY_ACTIVE_ARCH = YES;
				SDKROOT = iphoneos;
				SWIFT_OPTIMIZATION_LEVEL = "-Onone";
				TARGETED_DEVICE_FAMILY = "1,2";
			};
			name = Debug;
		};
		02EC47251C19B62700E1D2D4 /* Release */ = {
			isa = XCBuildConfiguration;
			buildSettings = {
				ALWAYS_SEARCH_USER_PATHS = NO;
				CLANG_CXX_LANGUAGE_STANDARD = "gnu++0x";
				CLANG_CXX_LIBRARY = "libc++";
				CLANG_ENABLE_MODULES = YES;
				CLANG_ENABLE_OBJC_ARC = YES;
				CLANG_WARN_BOOL_CONVERSION = YES;
				CLANG_WARN_CONSTANT_CONVERSION = YES;
				CLANG_WARN_DIRECT_OBJC_ISA_USAGE = YES_ERROR;
				CLANG_WARN_EMPTY_BODY = YES;
				CLANG_WARN_ENUM_CONVERSION = YES;
				CLANG_WARN_INT_CONVERSION = YES;
				CLANG_WARN_OBJC_ROOT_CLASS = YES_ERROR;
				CLANG_WARN_UNREACHABLE_CODE = YES;
				CLANG_WARN__DUPLICATE_METHOD_MATCH = YES;
				"CODE_SIGN_IDENTITY[sdk=iphoneos*]" = "iPhone Developer";
				COPY_PHASE_STRIP = NO;
				DEBUG_INFORMATION_FORMAT = "dwarf-with-dsym";
				ENABLE_NS_ASSERTIONS = NO;
				ENABLE_STRICT_OBJC_MSGSEND = YES;
				GCC_C_LANGUAGE_STANDARD = gnu99;
				GCC_NO_COMMON_BLOCKS = YES;
				GCC_WARN_64_TO_32_BIT_CONVERSION = YES;
				GCC_WARN_ABOUT_RETURN_TYPE = YES_ERROR;
				GCC_WARN_UNDECLARED_SELECTOR = YES;
				GCC_WARN_UNINITIALIZED_AUTOS = YES_AGGRESSIVE;
				GCC_WARN_UNUSED_FUNCTION = YES;
				GCC_WARN_UNUSED_VARIABLE = YES;
				IPHONEOS_DEPLOYMENT_TARGET = 9.1;
				MTL_ENABLE_DEBUG_INFO = NO;
				SDKROOT = iphoneos;
				TARGETED_DEVICE_FAMILY = "1,2";
				VALIDATE_PRODUCT = YES;
			};
			name = Release;
		};
		02EC47271C19B62700E1D2D4 /* Debug */ = {
			isa = XCBuildConfiguration;
			buildSettings = {
				ASSETCATALOG_COMPILER_APPICON_NAME = AppIcon;
				INFOPLIST_FILE = iTravelHel/Info.plist;
				LD_RUNPATH_SEARCH_PATHS = "$(inherited) @executable_path/Frameworks";
				PRODUCT_BUNDLE_IDENTIFIER = "XCode-Popup.iTravelHel";
				PRODUCT_NAME = "$(TARGET_NAME)";
			};
			name = Debug;
		};
		02EC47281C19B62700E1D2D4 /* Release */ = {
			isa = XCBuildConfiguration;
			buildSettings = {
				ASSETCATALOG_COMPILER_APPICON_NAME = AppIcon;
				INFOPLIST_FILE = iTravelHel/Info.plist;
				LD_RUNPATH_SEARCH_PATHS = "$(inherited) @executable_path/Frameworks";
				PRODUCT_BUNDLE_IDENTIFIER = "XCode-Popup.iTravelHel";
				PRODUCT_NAME = "$(TARGET_NAME)";
			};
			name = Release;
		};
		02EC472A1C19B62700E1D2D4 /* Debug */ = {
			isa = XCBuildConfiguration;
			buildSettings = {
				BUNDLE_LOADER = "$(TEST_HOST)";
				INFOPLIST_FILE = iTravelHelTests/Info.plist;
				LD_RUNPATH_SEARCH_PATHS = "$(inherited) @executable_path/Frameworks @loader_path/Frameworks";
				PRODUCT_BUNDLE_IDENTIFIER = "XCode-Popup.iTravelHelTests";
				PRODUCT_NAME = "$(TARGET_NAME)";
				TEST_HOST = "$(BUILT_PRODUCTS_DIR)/iTravelHel.app/iTravelHel";
			};
			name = Debug;
		};
		02EC472B1C19B62700E1D2D4 /* Release */ = {
			isa = XCBuildConfiguration;
			buildSettings = {
				BUNDLE_LOADER = "$(TEST_HOST)";
				INFOPLIST_FILE = iTravelHelTests/Info.plist;
				LD_RUNPATH_SEARCH_PATHS = "$(inherited) @executable_path/Frameworks @loader_path/Frameworks";
				PRODUCT_BUNDLE_IDENTIFIER = "XCode-Popup.iTravelHelTests";
				PRODUCT_NAME = "$(TARGET_NAME)";
				TEST_HOST = "$(BUILT_PRODUCTS_DIR)/iTravelHel.app/iTravelHel";
			};
			name = Release;
		};
		02EC472D1C19B62700E1D2D4 /* Debug */ = {
			isa = XCBuildConfiguration;
			buildSettings = {
				INFOPLIST_FILE = iTravelHelUITests/Info.plist;
				LD_RUNPATH_SEARCH_PATHS = "$(inherited) @executable_path/Frameworks @loader_path/Frameworks";
				PRODUCT_BUNDLE_IDENTIFIER = "XCode-Popup.iTravelHelUITests";
				PRODUCT_NAME = "$(TARGET_NAME)";
				TEST_TARGET_NAME = iTravelHel;
				USES_XCTRUNNER = YES;
			};
			name = Debug;
		};
		02EC472E1C19B62700E1D2D4 /* Release */ = {
			isa = XCBuildConfiguration;
			buildSettings = {
				INFOPLIST_FILE = iTravelHelUITests/Info.plist;
				LD_RUNPATH_SEARCH_PATHS = "$(inherited) @executable_path/Frameworks @loader_path/Frameworks";
				PRODUCT_BUNDLE_IDENTIFIER = "XCode-Popup.iTravelHelUITests";
				PRODUCT_NAME = "$(TARGET_NAME)";
				TEST_TARGET_NAME = iTravelHel;
				USES_XCTRUNNER = YES;
			};
			name = Release;
		};
/* End XCBuildConfiguration section */

/* Begin XCConfigurationList section */
		02EC46F91C19B62700E1D2D4 /* Build configuration list for PBXProject "iTravelHel" */ = {
			isa = XCConfigurationList;
			buildConfigurations = (
				02EC47241C19B62700E1D2D4 /* Debug */,
				02EC47251C19B62700E1D2D4 /* Release */,
			);
			defaultConfigurationIsVisible = 0;
			defaultConfigurationName = Release;
		};
		02EC47261C19B62700E1D2D4 /* Build configuration list for PBXNativeTarget "iTravelHel" */ = {
			isa = XCConfigurationList;
			buildConfigurations = (
				02EC47271C19B62700E1D2D4 /* Debug */,
				02EC47281C19B62700E1D2D4 /* Release */,
			);
			defaultConfigurationIsVisible = 0;
		};
		02EC47291C19B62700E1D2D4 /* Build configuration list for PBXNativeTarget "iTravelHelTests" */ = {
			isa = XCConfigurationList;
			buildConfigurations = (
				02EC472A1C19B62700E1D2D4 /* Debug */,
				02EC472B1C19B62700E1D2D4 /* Release */,
			);
			defaultConfigurationIsVisible = 0;
		};
		02EC472C1C19B62700E1D2D4 /* Build configuration list for PBXNativeTarget "iTravelHelUITests" */ = {
			isa = XCConfigurationList;
			buildConfigurations = (
				02EC472D1C19B62700E1D2D4 /* Debug */,
				02EC472E1C19B62700E1D2D4 /* Release */,
			);
			defaultConfigurationIsVisible = 0;
		};
/* End XCConfigurationList section */
	};
	rootObject = 02EC46F61C19B62700E1D2D4 /* Project object */;
}
