// !$*UTF8*$!
{
	archiveVersion = 1;
	classes = {
	};
	objectVersion = 46;
	objects = {

/* Begin PBXBuildFile section */
		02EC473C1C19B8E100E1D2D4 /* AppDelegate.swift in Sources */ = {isa = PBXBuildFile; fileRef = 02EC473B1C19B8E100E1D2D4 /* AppDelegate.swift */; };
		02EC473E1C19B8E100E1D2D4 /* ViewController.swift in Sources */ = {isa = PBXBuildFile; fileRef = 02EC473D1C19B8E100E1D2D4 /* ViewController.swift */; };
		02EC47411C19B8E100E1D2D4 /* Main.storyboard in Resources */ = {isa = PBXBuildFile; fileRef = 02EC473F1C19B8E100E1D2D4 /* Main.storyboard */; };
		02EC47431C19B8E100E1D2D4 /* Assets.xcassets in Resources */ = {isa = PBXBuildFile; fileRef = 02EC47421C19B8E100E1D2D4 /* Assets.xcassets */; };
		02EC47461C19B8E100E1D2D4 /* LaunchScreen.storyboard in Resources */ = {isa = PBXBuildFile; fileRef = 02EC47441C19B8E100E1D2D4 /* LaunchScreen.storyboard */; };
		02EC47511C19B8E100E1D2D4 /* iTravelHelTests.swift in Sources */ = {isa = PBXBuildFile; fileRef = 02EC47501C19B8E100E1D2D4 /* iTravelHelTests.swift */; };
		02EC475C1C19C69D00E1D2D4 /* MapKit.framework in Frameworks */ = {isa = PBXBuildFile; fileRef = 02EC475B1C19C69D00E1D2D4 /* MapKit.framework */; };
		02EC475E1C19C6D900E1D2D4 /* CoreLocation.framework in Frameworks */ = {isa = PBXBuildFile; fileRef = 02EC475D1C19C6D900E1D2D4 /* CoreLocation.framework */; };
/* End PBXBuildFile section */

/* Begin PBXContainerItemProxy section */
		02EC474D1C19B8E100E1D2D4 /* PBXContainerItemProxy */ = {
			isa = PBXContainerItemProxy;
			containerPortal = 02EC47301C19B8E100E1D2D4 /* Project object */;
			proxyType = 1;
			remoteGlobalIDString = 02EC47371C19B8E100E1D2D4;
			remoteInfo = iTravelHel;
		};
/* End PBXContainerItemProxy section */

/* Begin PBXFileReference section */
		02EC47381C19B8E100E1D2D4 /* iTravelHel.app */ = {isa = PBXFileReference; explicitFileType = wrapper.application; includeInIndex = 0; path = iTravelHel.app; sourceTree = BUILT_PRODUCTS_DIR; };
		02EC473B1C19B8E100E1D2D4 /* AppDelegate.swift */ = {isa = PBXFileReference; lastKnownFileType = sourcecode.swift; path = AppDelegate.swift; sourceTree = "<group>"; };
		02EC473D1C19B8E100E1D2D4 /* ViewController.swift */ = {isa = PBXFileReference; lastKnownFileType = sourcecode.swift; path = ViewController.swift; sourceTree = "<group>"; };
		02EC47401C19B8E100E1D2D4 /* Base */ = {isa = PBXFileReference; lastKnownFileType = file.storyboard; name = Base; path = Base.lproj/Main.storyboard; sourceTree = "<group>"; };
		02EC47421C19B8E100E1D2D4 /* Assets.xcassets */ = {isa = PBXFileReference; lastKnownFileType = folder.assetcatalog; path = Assets.xcassets; sourceTree = "<group>"; };
		02EC47451C19B8E100E1D2D4 /* Base */ = {isa = PBXFileReference; lastKnownFileType = file.storyboard; name = Base; path = Base.lproj/LaunchScreen.storyboard; sourceTree = "<group>"; };
		02EC47471C19B8E100E1D2D4 /* Info.plist */ = {isa = PBXFileReference; lastKnownFileType = text.plist.xml; path = Info.plist; sourceTree = "<group>"; };
		02EC474C1C19B8E100E1D2D4 /* iTravelHelTests.xctest */ = {isa = PBXFileReference; explicitFileType = wrapper.cfbundle; includeInIndex = 0; path = iTravelHelTests.xctest; sourceTree = BUILT_PRODUCTS_DIR; };
		02EC47501C19B8E100E1D2D4 /* iTravelHelTests.swift */ = {isa = PBXFileReference; lastKnownFileType = sourcecode.swift; path = iTravelHelTests.swift; sourceTree = "<group>"; };
		02EC47521C19B8E100E1D2D4 /* Info.plist */ = {isa = PBXFileReference; lastKnownFileType = text.plist.xml; path = Info.plist; sourceTree = "<group>"; };
		02EC475B1C19C69D00E1D2D4 /* MapKit.framework */ = {isa = PBXFileReference; lastKnownFileType = wrapper.framework; name = MapKit.framework; path = System/Library/Frameworks/MapKit.framework; sourceTree = SDKROOT; };
		02EC475D1C19C6D900E1D2D4 /* CoreLocation.framework */ = {isa = PBXFileReference; lastKnownFileType = wrapper.framework; name = CoreLocation.framework; path = System/Library/Frameworks/CoreLocation.framework; sourceTree = SDKROOT; };
/* End PBXFileReference section */

/* Begin PBXFrameworksBuildPhase section */
		02EC47351C19B8E100E1D2D4 /* Frameworks */ = {
			isa = PBXFrameworksBuildPhase;
			buildActionMask = 2147483647;
			files = (
				02EC475E1C19C6D900E1D2D4 /* CoreLocation.framework in Frameworks */,
				02EC475C1C19C69D00E1D2D4 /* MapKit.framework in Frameworks */,
			);
			runOnlyForDeploymentPostprocessing = 0;
		};
		02EC47491C19B8E100E1D2D4 /* Frameworks */ = {
			isa = PBXFrameworksBuildPhase;
			buildActionMask = 2147483647;
			files = (
			);
			runOnlyForDeploymentPostprocessing = 0;
		};
/* End PBXFrameworksBuildPhase section */

/* Begin PBXGroup section */
		02EC472F1C19B8E100E1D2D4 = {
			isa = PBXGroup;
			children = (
				02EC475D1C19C6D900E1D2D4 /* CoreLocation.framework */,
				02EC475B1C19C69D00E1D2D4 /* MapKit.framework */,
				02EC473A1C19B8E100E1D2D4 /* iTravelHel */,
				02EC474F1C19B8E100E1D2D4 /* iTravelHelTests */,
				02EC47391C19B8E100E1D2D4 /* Products */,
			);
			sourceTree = "<group>";
		};
		02EC47391C19B8E100E1D2D4 /* Products */ = {
			isa = PBXGroup;
			children = (
				02EC47381C19B8E100E1D2D4 /* iTravelHel.app */,
				02EC474C1C19B8E100E1D2D4 /* iTravelHelTests.xctest */,
			);
			name = Products;
			sourceTree = "<group>";
		};
		02EC473A1C19B8E100E1D2D4 /* iTravelHel */ = {
			isa = PBXGroup;
			children = (
				02EC473B1C19B8E100E1D2D4 /* AppDelegate.swift */,
				02EC473D1C19B8E100E1D2D4 /* ViewController.swift */,
				02EC473F1C19B8E100E1D2D4 /* Main.storyboard */,
				02EC47421C19B8E100E1D2D4 /* Assets.xcassets */,
				02EC47441C19B8E100E1D2D4 /* LaunchScreen.storyboard */,
				02EC47471C19B8E100E1D2D4 /* Info.plist */,
			);
			path = iTravelHel;
			sourceTree = "<group>";
		};
		02EC474F1C19B8E100E1D2D4 /* iTravelHelTests */ = {
			isa = PBXGroup;
			children = (
				02EC47501C19B8E100E1D2D4 /* iTravelHelTests.swift */,
				02EC47521C19B8E100E1D2D4 /* Info.plist */,
			);
			path = iTravelHelTests;
			sourceTree = "<group>";
		};
/* End PBXGroup section */

/* Begin PBXNativeTarget section */
		02EC47371C19B8E100E1D2D4 /* iTravelHel */ = {
			isa = PBXNativeTarget;
			buildConfigurationList = 02EC47551C19B8E100E1D2D4 /* Build configuration list for PBXNativeTarget "iTravelHel" */;
			buildPhases = (
				02EC47341C19B8E100E1D2D4 /* Sources */,
				02EC47351C19B8E100E1D2D4 /* Frameworks */,
				02EC47361C19B8E100E1D2D4 /* Resources */,
			);
			buildRules = (
			);
			dependencies = (
			);
			name = iTravelHel;
			productName = iTravelHel;
			productReference = 02EC47381C19B8E100E1D2D4 /* iTravelHel.app */;
			productType = "com.apple.product-type.application";
		};
		02EC474B1C19B8E100E1D2D4 /* iTravelHelTests */ = {
			isa = PBXNativeTarget;
			buildConfigurationList = 02EC47581C19B8E100E1D2D4 /* Build configuration list for PBXNativeTarget "iTravelHelTests" */;
			buildPhases = (
				02EC47481C19B8E100E1D2D4 /* Sources */,
				02EC47491C19B8E100E1D2D4 /* Frameworks */,
				02EC474A1C19B8E100E1D2D4 /* Resources */,
			);
			buildRules = (
			);
			dependencies = (
				02EC474E1C19B8E100E1D2D4 /* PBXTargetDependency */,
			);
			name = iTravelHelTests;
			productName = iTravelHelTests;
			productReference = 02EC474C1C19B8E100E1D2D4 /* iTravelHelTests.xctest */;
			productType = "com.apple.product-type.bundle.unit-test";
		};
/* End PBXNativeTarget section */

/* Begin PBXProject section */
		02EC47301C19B8E100E1D2D4 /* Project object */ = {
			isa = PBXProject;
			attributes = {
				LastSwiftUpdateCheck = 0710;
				LastUpgradeCheck = 0710;
				ORGANIZATIONNAME = "XCode-Popup";
				TargetAttributes = {
					02EC47371C19B8E100E1D2D4 = {
						CreatedOnToolsVersion = 7.1.1;
						SystemCapabilities = {
							com.apple.Maps.iOS = {
								enabled = 1;
							};
						};
					};
					02EC474B1C19B8E100E1D2D4 = {
						CreatedOnToolsVersion = 7.1.1;
						TestTargetID = 02EC47371C19B8E100E1D2D4;
					};
				};
			};
			buildConfigurationList = 02EC47331C19B8E100E1D2D4 /* Build configuration list for PBXProject "iTravelHel" */;
			compatibilityVersion = "Xcode 3.2";
			developmentRegion = English;
			hasScannedForEncodings = 0;
			knownRegions = (
				en,
				Base,
			);
			mainGroup = 02EC472F1C19B8E100E1D2D4;
			productRefGroup = 02EC47391C19B8E100E1D2D4 /* Products */;
			projectDirPath = "";
			projectRoot = "";
			targets = (
				02EC47371C19B8E100E1D2D4 /* iTravelHel */,
				02EC474B1C19B8E100E1D2D4 /* iTravelHelTests */,
			);
		};
/* End PBXProject section */

/* Begin PBXResourcesBuildPhase section */
		02EC47361C19B8E100E1D2D4 /* Resources */ = {
			isa = PBXResourcesBuildPhase;
			buildActionMask = 2147483647;
			files = (
				02EC47461C19B8E100E1D2D4 /* LaunchScreen.storyboard in Resources */,
				02EC47431C19B8E100E1D2D4 /* Assets.xcassets in Resources */,
				02EC47411C19B8E100E1D2D4 /* Main.storyboard in Resources */,
			);
			runOnlyForDeploymentPostprocessing = 0;
		};
		02EC474A1C19B8E100E1D2D4 /* Resources */ = {
			isa = PBXResourcesBuildPhase;
			buildActionMask = 2147483647;
			files = (
			);
			runOnlyForDeploymentPostprocessing = 0;
		};
/* End PBXResourcesBuildPhase section */

/* Begin PBXSourcesBuildPhase section */
		02EC47341C19B8E100E1D2D4 /* Sources */ = {
			isa = PBXSourcesBuildPhase;
			buildActionMask = 2147483647;
			files = (
				02EC473E1C19B8E100E1D2D4 /* ViewController.swift in Sources */,
				02EC473C1C19B8E100E1D2D4 /* AppDelegate.swift in Sources */,
			);
			runOnlyForDeploymentPostprocessing = 0;
		};
		02EC47481C19B8E100E1D2D4 /* Sources */ = {
			isa = PBXSourcesBuildPhase;
			buildActionMask = 2147483647;
			files = (
				02EC47511C19B8E100E1D2D4 /* iTravelHelTests.swift in Sources */,
			);
			runOnlyForDeploymentPostprocessing = 0;
		};
/* End PBXSourcesBuildPhase section */

/* Begin PBXTargetDependency section */
		02EC474E1C19B8E100E1D2D4 /* PBXTargetDependency */ = {
			isa = PBXTargetDependency;
			target = 02EC47371C19B8E100E1D2D4 /* iTravelHel */;
			targetProxy = 02EC474D1C19B8E100E1D2D4 /* PBXContainerItemProxy */;
		};
/* End PBXTargetDependency section */

/* Begin PBXVariantGroup section */
		02EC473F1C19B8E100E1D2D4 /* Main.storyboard */ = {
			isa = PBXVariantGroup;
			children = (
				02EC47401C19B8E100E1D2D4 /* Base */,
			);
			name = Main.storyboard;
			sourceTree = "<group>";
		};
		02EC47441C19B8E100E1D2D4 /* LaunchScreen.storyboard */ = {
			isa = PBXVariantGroup;
			children = (
				02EC47451C19B8E100E1D2D4 /* Base */,
			);
			name = LaunchScreen.storyboard;
			sourceTree = "<group>";
		};
/* End PBXVariantGroup section */

/* Begin XCBuildConfiguration section */
		02EC47531C19B8E100E1D2D4 /* Debug */ = {
			isa = XCBuildConfiguration;
			buildSettings = {
				ALWAYS_SEARCH_USER_PATHS = NO;
				CLANG_CXX_LANGUAGE_STANDARD = "gnu++0x";
				CLANG_CXX_LIBRARY = "libc++";
				CLANG_ENABLE_MODULES = YES;
				CLANG_ENABLE_OBJC_ARC = YES;
				CLANG_WARN_BOOL_CONVERSION = YES;
				CLANG_WARN_CONSTANT_CONVERSION = YES;
				CLANG_WARN_DIRECT_OBJC_ISA_USAGE = YES_ERROR;
				CLANG_WARN_EMPTY_BODY = YES;
				CLANG_WARN_ENUM_CONVERSION = YES;
				CLANG_WARN_INT_CONVERSION = YES;
				CLANG_WARN_OBJC_ROOT_CLASS = YES_ERROR;
				CLANG_WARN_UNREACHABLE_CODE = YES;
				CLANG_WARN__DUPLICATE_METHOD_MATCH = YES;
				"CODE_SIGN_IDENTITY[sdk=iphoneos*]" = "iPhone Developer";
				COPY_PHASE_STRIP = NO;
				DEBUG_INFORMATION_FORMAT = dwarf;
				ENABLE_STRICT_OBJC_MSGSEND = YES;
				ENABLE_TESTABILITY = YES;
				GCC_C_LANGUAGE_STANDARD = gnu99;
				GCC_DYNAMIC_NO_PIC = NO;
				GCC_NO_COMMON_BLOCKS = YES;
				GCC_OPTIMIZATION_LEVEL = 0;
				GCC_PREPROCESSOR_DEFINITIONS = (
					"DEBUG=1",
					"$(inherited)",
				);
				GCC_WARN_64_TO_32_BIT_CONVERSION = YES;
				GCC_WARN_ABOUT_RETURN_TYPE = YES_ERROR;
				GCC_WARN_UNDECLARED_SELECTOR = YES;
				GCC_WARN_UNINITIALIZED_AUTOS = YES_AGGRESSIVE;
				GCC_WARN_UNUSED_FUNCTION = YES;
				GCC_WARN_UNUSED_VARIABLE = YES;
				IPHONEOS_DEPLOYMENT_TARGET = 9.1;
				MTL_ENABLE_DEBUG_INFO = YES;
				ONLY_ACTIVE_ARCH = YES;
				SDKROOT = iphoneos;
				SWIFT_OPTIMIZATION_LEVEL = "-Onone";
				TARGETED_DEVICE_FAMILY = "1,2";
			};
			name = Debug;
		};
		02EC47541C19B8E100E1D2D4 /* Release */ = {
			isa = XCBuildConfiguration;
			buildSettings = {
				ALWAYS_SEARCH_USER_PATHS = NO;
				CLANG_CXX_LANGUAGE_STANDARD = "gnu++0x";
				CLANG_CXX_LIBRARY = "libc++";
				CLANG_ENABLE_MODULES = YES;
				CLANG_ENABLE_OBJC_ARC = YES;
				CLANG_WARN_BOOL_CONVERSION = YES;
				CLANG_WARN_CONSTANT_CONVERSION = YES;
				CLANG_WARN_DIRECT_OBJC_ISA_USAGE = YES_ERROR;
				CLANG_WARN_EMPTY_BODY = YES;
				CLANG_WARN_ENUM_CONVERSION = YES;
				CLANG_WARN_INT_CONVERSION = YES;
				CLANG_WARN_OBJC_ROOT_CLASS = YES_ERROR;
				CLANG_WARN_UNREACHABLE_CODE = YES;
				CLANG_WARN__DUPLICATE_METHOD_MATCH = YES;
				"CODE_SIGN_IDENTITY[sdk=iphoneos*]" = "iPhone Developer";
				COPY_PHASE_STRIP = NO;
				DEBUG_INFORMATION_FORMAT = "dwarf-with-dsym";
				ENABLE_NS_ASSERTIONS = NO;
				ENABLE_STRICT_OBJC_MSGSEND = YES;
				GCC_C_LANGUAGE_STANDARD = gnu99;
				GCC_NO_COMMON_BLOCKS = YES;
				GCC_WARN_64_TO_32_BIT_CONVERSION = YES;
				GCC_WARN_ABOUT_RETURN_TYPE = YES_ERROR;
				GCC_WARN_UNDECLARED_SELECTOR = YES;
				GCC_WARN_UNINITIALIZED_AUTOS = YES_AGGRESSIVE;
				GCC_WARN_UNUSED_FUNCTION = YES;
				GCC_WARN_UNUSED_VARIABLE = YES;
				IPHONEOS_DEPLOYMENT_TARGET = 9.1;
				MTL_ENABLE_DEBUG_INFO = NO;
				SDKROOT = iphoneos;
				TARGETED_DEVICE_FAMILY = "1,2";
				VALIDATE_PRODUCT = YES;
			};
			name = Release;
		};
		02EC47561C19B8E100E1D2D4 /* Debug */ = {
			isa = XCBuildConfiguration;
			buildSettings = {
				ASSETCATALOG_COMPILER_APPICON_NAME = AppIcon_new;
				INFOPLIST_FILE = iTravelHel/Info.plist;
				LD_RUNPATH_SEARCH_PATHS = "$(inherited) @executable_path/Frameworks";
				PRODUCT_BUNDLE_IDENTIFIER = "XCode-Popup.iTravelHel";
				PRODUCT_NAME = "$(TARGET_NAME)";
			};
			name = Debug;
		};
		02EC47571C19B8E100E1D2D4 /* Release */ = {
			isa = XCBuildConfiguration;
			buildSettings = {
				ASSETCATALOG_COMPILER_APPICON_NAME = AppIcon_new;
				INFOPLIST_FILE = iTravelHel/Info.plist;
				LD_RUNPATH_SEARCH_PATHS = "$(inherited) @executable_path/Frameworks";
				PRODUCT_BUNDLE_IDENTIFIER = "XCode-Popup.iTravelHel";
				PRODUCT_NAME = "$(TARGET_NAME)";
			};
			name = Release;
		};
		02EC47591C19B8E100E1D2D4 /* Debug */ = {
			isa = XCBuildConfiguration;
			buildSettings = {
				BUNDLE_LOADER = "$(TEST_HOST)";
				INFOPLIST_FILE = iTravelHelTests/Info.plist;
				LD_RUNPATH_SEARCH_PATHS = "$(inherited) @executable_path/Frameworks @loader_path/Frameworks";
				PRODUCT_BUNDLE_IDENTIFIER = "XCode-Popup.iTravelHelTests";
				PRODUCT_NAME = "$(TARGET_NAME)";
				TEST_HOST = "$(BUILT_PRODUCTS_DIR)/iTravelHel.app/iTravelHel";
			};
			name = Debug;
		};
		02EC475A1C19B8E100E1D2D4 /* Release */ = {
			isa = XCBuildConfiguration;
			buildSettings = {
				BUNDLE_LOADER = "$(TEST_HOST)";
				INFOPLIST_FILE = iTravelHelTests/Info.plist;
				LD_RUNPATH_SEARCH_PATHS = "$(inherited) @executable_path/Frameworks @loader_path/Frameworks";
				PRODUCT_BUNDLE_IDENTIFIER = "XCode-Popup.iTravelHelTests";
				PRODUCT_NAME = "$(TARGET_NAME)";
				TEST_HOST = "$(BUILT_PRODUCTS_DIR)/iTravelHel.app/iTravelHel";
			};
			name = Release;
		};
/* End XCBuildConfiguration section */

/* Begin XCConfigurationList section */
		02EC47331C19B8E100E1D2D4 /* Build configuration list for PBXProject "iTravelHel" */ = {
			isa = XCConfigurationList;
			buildConfigurations = (
				02EC47531C19B8E100E1D2D4 /* Debug */,
				02EC47541C19B8E100E1D2D4 /* Release */,
			);
			defaultConfigurationIsVisible = 0;
			defaultConfigurationName = Release;
		};
		02EC47551C19B8E100E1D2D4 /* Build configuration list for PBXNativeTarget "iTravelHel" */ = {
			isa = XCConfigurationList;
			buildConfigurations = (
				02EC47561C19B8E100E1D2D4 /* Debug */,
				02EC47571C19B8E100E1D2D4 /* Release */,
			);
			defaultConfigurationIsVisible = 0;
			defaultConfigurationName = Release;
		};
		02EC47581C19B8E100E1D2D4 /* Build configuration list for PBXNativeTarget "iTravelHelTests" */ = {
			isa = XCConfigurationList;
			buildConfigurations = (
				02EC47591C19B8E100E1D2D4 /* Debug */,
				02EC475A1C19B8E100E1D2D4 /* Release */,
			);
			defaultConfigurationIsVisible = 0;
			defaultConfigurationName = Release;
		};
/* End XCConfigurationList section */
	};
	rootObject = 02EC47301C19B8E100E1D2D4 /* Project object */;
}
